
Microsoft Visual Studio Solution File, Format Version 12.00
# Visual Studio Version 18
VisualStudioVersion = 18.0.11217.181 d18.0
MinimumVisualStudioVersion = 10.0.40219.1
Project("{FAE04EC0-301F-11D3-BF4B-00C04F79EFBC}") = "CsvDataCleaner", "CsvDataCleaner.csproj", "{24FCB9F0-41FD-F219-D77F-8F5F5F7BE0A8}"
EndProject
Global
	GlobalSection(SolutionConfigurationPlatforms) = preSolution
		Debug|Any CPU = Debug|Any CPU
		Release|Any CPU = Release|Any CPU
	EndGlobalSection
	GlobalSection(ProjectConfigurationPlatforms) = postSolution
		{24FCB9F0-41FD-F219-D77F-8F5F5F7BE0A8}.Debug|Any CPU.ActiveCfg = Debug|Any CPU
		{24FCB9F0-41FD-F219-D77F-8F5F5F7BE0A8}.Debug|Any CPU.Build.0 = Debug|Any CPU
		{24FCB9F0-41FD-F219-D77F-8F5F5F7BE0A8}.Release|Any CPU.ActiveCfg = Release|Any CPU
		{24FCB9F0-41FD-F219-D77F-8F5F5F7BE0A8}.Release|Any CPU.Build.0 = Release|Any CPU
	EndGlobalSection
	GlobalSection(SolutionProperties) = preSolution
		HideSolutionNode = FALSE
	EndGlobalSection
	GlobalSection(ExtensibilityGlobals) = postSolution
		SolutionGuid = {4AA501B5-2DF9-45CA-B3C4-30BD68853C97}
	EndGlobalSection
EndGlobal
